// !$*UTF8*$!
{
	archiveVersion = 1;
	classes = {
	};
	objectVersion = 50;
	objects = {

/* Begin PBXBuildFile section */
		AC0C81B52171F784009981D2 /* AppDelegate.swift in Sources */ = {isa = PBXBuildFile; fileRef = AC0C81B42171F784009981D2 /* AppDelegate.swift */; };
		AC0C81BA2171F785009981D2 /* Main.storyboard in Resources */ = {isa = PBXBuildFile; fileRef = AC0C81B82171F785009981D2 /* Main.storyboard */; };
		AC0C81BC2171F787009981D2 /* Assets.xcassets in Resources */ = {isa = PBXBuildFile; fileRef = AC0C81BB2171F787009981D2 /* Assets.xcassets */; };
		AC0C81BF2171F787009981D2 /* LaunchScreen.storyboard in Resources */ = {isa = PBXBuildFile; fileRef = AC0C81BD2171F787009981D2 /* LaunchScreen.storyboard */; };
		AC0C81CE217208F9009981D2 /* NetworkManager.swift in Sources */ = {isa = PBXBuildFile; fileRef = AC0C81CD217208F9009981D2 /* NetworkManager.swift */; };
		AC0C81D021722701009981D2 /* Image.swift in Sources */ = {isa = PBXBuildFile; fileRef = AC0C81CF21722701009981D2 /* Image.swift */; };
		AC0C81D221724353009981D2 /* ImageTableViewCell.swift in Sources */ = {isa = PBXBuildFile; fileRef = AC0C81D121724353009981D2 /* ImageTableViewCell.swift */; };
		AC0C81D8217245AF009981D2 /* ImageListViewController.swift in Sources */ = {isa = PBXBuildFile; fileRef = AC0C81D7217245AF009981D2 /* ImageListViewController.swift */; };
		AC0C81DA21724647009981D2 /* ImageDetailsViewController.swift in Sources */ = {isa = PBXBuildFile; fileRef = AC0C81D921724647009981D2 /* ImageDetailsViewController.swift */; };
		AC0C81DC217254FA009981D2 /* UIImageView+Extension.swift in Sources */ = {isa = PBXBuildFile; fileRef = AC0C81DB217254FA009981D2 /* UIImageView+Extension.swift */; };
		AC0C81DE217255A3009981D2 /* ImageCache.swift in Sources */ = {isa = PBXBuildFile; fileRef = AC0C81DD217255A3009981D2 /* ImageCache.swift */; };
/* End PBXBuildFile section */

/* Begin PBXFileReference section */
		AC0C81B12171F784009981D2 /* Senfonico Challenge.app */ = {isa = PBXFileReference; explicitFileType = wrapper.application; includeInIndex = 0; path = "Senfonico Challenge.app"; sourceTree = BUILT_PRODUCTS_DIR; };
		AC0C81B42171F784009981D2 /* AppDelegate.swift */ = {isa = PBXFileReference; lastKnownFileType = sourcecode.swift; path = AppDelegate.swift; sourceTree = "<group>"; };
		AC0C81B92171F785009981D2 /* Base */ = {isa = PBXFileReference; lastKnownFileType = file.storyboard; name = Base; path = Base.lproj/Main.storyboard; sourceTree = "<group>"; };
		AC0C81BB2171F787009981D2 /* Assets.xcassets */ = {isa = PBXFileReference; lastKnownFileType = folder.assetcatalog; path = Assets.xcassets; sourceTree = "<group>"; };
		AC0C81BE2171F787009981D2 /* Base */ = {isa = PBXFileReference; lastKnownFileType = file.storyboard; name = Base; path = Base.lproj/LaunchScreen.storyboard; sourceTree = "<group>"; };
		AC0C81C02171F787009981D2 /* Info.plist */ = {isa = PBXFileReference; lastKnownFileType = text.plist.xml; path = Info.plist; sourceTree = "<group>"; };
		AC0C81CD217208F9009981D2 /* NetworkManager.swift */ = {isa = PBXFileReference; lastKnownFileType = sourcecode.swift; path = NetworkManager.swift; sourceTree = "<group>"; };
		AC0C81CF21722701009981D2 /* Image.swift */ = {isa = PBXFileReference; lastKnownFileType = sourcecode.swift; path = Image.swift; sourceTree = "<group>"; };
		AC0C81D121724353009981D2 /* ImageTableViewCell.swift */ = {isa = PBXFileReference; lastKnownFileType = sourcecode.swift; path = ImageTableViewCell.swift; sourceTree = "<group>"; };
		AC0C81D7217245AF009981D2 /* ImageListViewController.swift */ = {isa = PBXFileReference; fileEncoding = 4; lastKnownFileType = sourcecode.swift; name = ImageListViewController.swift; path = "Senfonico Challenge/View Controllers/ImageListViewController.swift"; sourceTree = SOURCE_ROOT; };
		AC0C81D921724647009981D2 /* ImageDetailsViewController.swift */ = {isa = PBXFileReference; lastKnownFileType = sourcecode.swift; path = ImageDetailsViewController.swift; sourceTree = "<group>"; };
		AC0C81DB217254FA009981D2 /* UIImageView+Extension.swift */ = {isa = PBXFileReference; lastKnownFileType = sourcecode.swift; path = "UIImageView+Extension.swift"; sourceTree = "<group>"; };
		AC0C81DD217255A3009981D2 /* ImageCache.swift */ = {isa = PBXFileReference; lastKnownFileType = sourcecode.swift; path = ImageCache.swift; sourceTree = "<group>"; };
/* End PBXFileReference section */

/* Begin PBXFrameworksBuildPhase section */
		AC0C81AE2171F784009981D2 /* Frameworks */ = {
			isa = PBXFrameworksBuildPhase;
			buildActionMask = 2147483647;
			files = (
			);
			runOnlyForDeploymentPostprocessing = 0;
		};
/* End PBXFrameworksBuildPhase section */

/* Begin PBXGroup section */
		AC0C81A82171F784009981D2 = {
			isa = PBXGroup;
			children = (
				AC0C81B32171F784009981D2 /* Senfonico Challenge */,
				AC0C81B22171F784009981D2 /* Products */,
			);
			sourceTree = "<group>";
		};
		AC0C81B22171F784009981D2 /* Products */ = {
			isa = PBXGroup;
			children = (
				AC0C81B12171F784009981D2 /* Senfonico Challenge.app */,
			);
			name = Products;
			sourceTree = "<group>";
		};
		AC0C81B32171F784009981D2 /* Senfonico Challenge */ = {
			isa = PBXGroup;
			children = (
				AC0C81B42171F784009981D2 /* AppDelegate.swift */,
				AC0C81C821720857009981D2 /* Models */,
				AC0C81C92172085B009981D2 /* Views */,
				AC0C81C721720847009981D2 /* View Controllers */,
				AC0C81C62172083D009981D2 /* Managers */,
				AC0C81CA21720870009981D2 /* Utilities */,
				AC0C81CB2172088E009981D2 /* Storyboards */,
				AC0C81CC217208A9009981D2 /* Supporting Files */,
			);
			path = "Senfonico Challenge";
			sourceTree = "<group>";
		};
		AC0C81C62172083D009981D2 /* Managers */ = {
			isa = PBXGroup;
			children = (
				AC0C81CD217208F9009981D2 /* NetworkManager.swift */,
			);
			path = Managers;
			sourceTree = "<group>";
		};
		AC0C81C721720847009981D2 /* View Controllers */ = {
			isa = PBXGroup;
			children = (
				AC0C81D7217245AF009981D2 /* ImageListViewController.swift */,
				AC0C81D921724647009981D2 /* ImageDetailsViewController.swift */,
			);
			path = "View Controllers";
			sourceTree = "<group>";
		};
		AC0C81C821720857009981D2 /* Models */ = {
			isa = PBXGroup;
			children = (
				AC0C81CF21722701009981D2 /* Image.swift */,
			);
			path = Models;
			sourceTree = "<group>";
		};
		AC0C81C92172085B009981D2 /* Views */ = {
			isa = PBXGroup;
			children = (
				AC0C81DF217259EC009981D2 /* Cells */,
			);
			path = Views;
			sourceTree = "<group>";
		};
		AC0C81CA21720870009981D2 /* Utilities */ = {
			isa = PBXGroup;
			children = (
				AC0C81DB217254FA009981D2 /* UIImageView+Extension.swift */,
				AC0C81DD217255A3009981D2 /* ImageCache.swift */,
			);
			path = Utilities;
			sourceTree = "<group>";
		};
		AC0C81CB2172088E009981D2 /* Storyboards */ = {
			isa = PBXGroup;
			children = (
				AC0C81B82171F785009981D2 /* Main.storyboard */,
				AC0C81BD2171F787009981D2 /* LaunchScreen.storyboard */,
			);
			path = Storyboards;
			sourceTree = "<group>";
		};
		AC0C81CC217208A9009981D2 /* Supporting Files */ = {
			isa = PBXGroup;
			children = (
				AC0C81BB2171F787009981D2 /* Assets.xcassets */,
				AC0C81C02171F787009981D2 /* Info.plist */,
			);
			path = "Supporting Files";
			sourceTree = "<group>";
		};
		AC0C81DF217259EC009981D2 /* Cells */ = {
			isa = PBXGroup;
			children = (
				AC0C81D121724353009981D2 /* ImageTableViewCell.swift */,
			);
			path = Cells;
			sourceTree = "<group>";
		};
/* End PBXGroup section */

/* Begin PBXNativeTarget section */
		AC0C81B02171F784009981D2 /* Senfonico Challenge */ = {
			isa = PBXNativeTarget;
			buildConfigurationList = AC0C81C32171F787009981D2 /* Build configuration list for PBXNativeTarget "Senfonico Challenge" */;
			buildPhases = (
				AC0C81AD2171F784009981D2 /* Sources */,
				AC0C81AE2171F784009981D2 /* Frameworks */,
				AC0C81AF2171F784009981D2 /* Resources */,
			);
			buildRules = (
			);
			dependencies = (
			);
			name = "Senfonico Challenge";
			productName = "Senfonico Challenge";
			productReference = AC0C81B12171F784009981D2 /* Senfonico Challenge.app */;
			productType = "com.apple.product-type.application";
		};
/* End PBXNativeTarget section */

/* Begin PBXProject section */
		AC0C81A92171F784009981D2 /* Project object */ = {
			isa = PBXProject;
			attributes = {
				LastSwiftUpdateCheck = 1000;
				LastUpgradeCheck = 1000;
				ORGANIZATIONNAME = "Guest User";
				TargetAttributes = {
					AC0C81B02171F784009981D2 = {
						CreatedOnToolsVersion = 10.0;
					};
				};
			};
			buildConfigurationList = AC0C81AC2171F784009981D2 /* Build configuration list for PBXProject "Senfonico Challenge" */;
			compatibilityVersion = "Xcode 9.3";
			developmentRegion = en;
			hasScannedForEncodings = 0;
			knownRegions = (
				en,
				Base,
			);
			mainGroup = AC0C81A82171F784009981D2;
			productRefGroup = AC0C81B22171F784009981D2 /* Products */;
			projectDirPath = "";
			projectRoot = "";
			targets = (
				AC0C81B02171F784009981D2 /* Senfonico Challenge */,
			);
		};
/* End PBXProject section */

/* Begin PBXResourcesBuildPhase section */
		AC0C81AF2171F784009981D2 /* Resources */ = {
			isa = PBXResourcesBuildPhase;
			buildActionMask = 2147483647;
			files = (
				AC0C81BF2171F787009981D2 /* LaunchScreen.storyboard in Resources */,
				AC0C81BC2171F787009981D2 /* Assets.xcassets in Resources */,
				AC0C81BA2171F785009981D2 /* Main.storyboard in Resources */,
			);
			runOnlyForDeploymentPostprocessing = 0;
		};
/* End PBXResourcesBuildPhase section */

/* Begin PBXSourcesBuildPhase section */
		AC0C81AD2171F784009981D2 /* Sources */ = {
			isa = PBXSourcesBuildPhase;
			buildActionMask = 2147483647;
			files = (
				AC0C81DA21724647009981D2 /* ImageDetailsViewController.swift in Sources */,
				AC0C81D8217245AF009981D2 /* ImageListViewController.swift in Sources */,
				AC0C81DE217255A3009981D2 /* ImageCache.swift in Sources */,
				AC0C81DC217254FA009981D2 /* UIImageView+Extension.swift in Sources */,
				AC0C81CE217208F9009981D2 /* NetworkManager.swift in Sources */,
				AC0C81D021722701009981D2 /* Image.swift in Sources */,
				AC0C81D221724353009981D2 /* ImageTableViewCell.swift in Sources */,
				AC0C81B52171F784009981D2 /* AppDelegate.swift in Sources */,
			);
			runOnlyForDeploymentPostprocessing = 0;
		};
/* End PBXSourcesBuildPhase section */

/* Begin PBXVariantGroup section */
		AC0C81B82171F785009981D2 /* Main.storyboard */ = {
			isa = PBXVariantGroup;
			children = (
				AC0C81B92171F785009981D2 /* Base */,
			);
			name = Main.storyboard;
			sourceTree = "<group>";
		};
		AC0C81BD2171F787009981D2 /* LaunchScreen.storyboard */ = {
			isa = PBXVariantGroup;
			children = (
				AC0C81BE2171F787009981D2 /* Base */,
			);
			name = LaunchScreen.storyboard;
			sourceTree = "<group>";
		};
/* End PBXVariantGroup section */

/* Begin XCBuildConfiguration section */
		AC0C81C12171F787009981D2 /* Debug */ = {
			isa = XCBuildConfiguration;
			buildSettings = {
				ALWAYS_SEARCH_USER_PATHS = NO;
				CLANG_ANALYZER_NONNULL = YES;
				CLANG_ANALYZER_NUMBER_OBJECT_CONVERSION = YES_AGGRESSIVE;
				CLANG_CXX_LANGUAGE_STANDARD = "gnu++14";
				CLANG_CXX_LIBRARY = "libc++";
				CLANG_ENABLE_MODULES = YES;
				CLANG_ENABLE_OBJC_ARC = YES;
				CLANG_ENABLE_OBJC_WEAK = YES;
				CLANG_WARN_BLOCK_CAPTURE_AUTORELEASING = YES;
				CLANG_WARN_BOOL_CONVERSION = YES;
				CLANG_WARN_COMMA = YES;
				CLANG_WARN_CONSTANT_CONVERSION = YES;
				CLANG_WARN_DEPRECATED_OBJC_IMPLEMENTATIONS = YES;
				CLANG_WARN_DIRECT_OBJC_ISA_USAGE = YES_ERROR;
				CLANG_WARN_DOCUMENTATION_COMMENTS = YES;
				CLANG_WARN_EMPTY_BODY = YES;
				CLANG_WARN_ENUM_CONVERSION = YES;
				CLANG_WARN_INFINITE_RECURSION = YES;
				CLANG_WARN_INT_CONVERSION = YES;
				CLANG_WARN_NON_LITERAL_NULL_CONVERSION = YES;
				CLANG_WARN_OBJC_IMPLICIT_RETAIN_SELF = YES;
				CLANG_WARN_OBJC_LITERAL_CONVERSION = YES;
				CLANG_WARN_OBJC_ROOT_CLASS = YES_ERROR;
				CLANG_WARN_RANGE_LOOP_ANALYSIS = YES;
				CLANG_WARN_STRICT_PROTOTYPES = YES;
				CLANG_WARN_SUSPICIOUS_MOVE = YES;
				CLANG_WARN_UNGUARDED_AVAILABILITY = YES_AGGRESSIVE;
				CLANG_WARN_UNREACHABLE_CODE = YES;
				CLANG_WARN__DUPLICATE_METHOD_MATCH = YES;
				CODE_SIGN_IDENTITY = "iPhone Developer";
				COPY_PHASE_STRIP = NO;
				DEBUG_INFORMATION_FORMAT = dwarf;
				ENABLE_STRICT_OBJC_MSGSEND = YES;
				ENABLE_TESTABILITY = YES;
				GCC_C_LANGUAGE_STANDARD = gnu11;
				GCC_DYNAMIC_NO_PIC = NO;
				GCC_NO_COMMON_BLOCKS = YES;
				GCC_OPTIMIZATION_LEVEL = 0;
				GCC_PREPROCESSOR_DEFINITIONS = (
					"DEBUG=1",
					"$(inherited)",
				);
				GCC_WARN_64_TO_32_BIT_CONVERSION = YES;
				GCC_WARN_ABOUT_RETURN_TYPE = YES_ERROR;
				GCC_WARN_UNDECLARED_SELECTOR = YES;
				GCC_WARN_UNINITIALIZED_AUTOS = YES_AGGRESSIVE;
				GCC_WARN_UNUSED_FUNCTION = YES;
				GCC_WARN_UNUSED_VARIABLE = YES;
				IPHONEOS_DEPLOYMENT_TARGET = 12.0;
				MTL_ENABLE_DEBUG_INFO = INCLUDE_SOURCE;
				MTL_FAST_MATH = YES;
				ONLY_ACTIVE_ARCH = YES;
				SDKROOT = iphoneos;
				SWIFT_ACTIVE_COMPILATION_CONDITIONS = DEBUG;
				SWIFT_OPTIMIZATION_LEVEL = "-Onone";
			};
			name = Debug;
		};
		AC0C81C22171F787009981D2 /* Release */ = {
			isa = XCBuildConfiguration;
			buildSettings = {
				ALWAYS_SEARCH_USER_PATHS = NO;
				CLANG_ANALYZER_NONNULL = YES;
				CLANG_ANALYZER_NUMBER_OBJECT_CONVERSION = YES_AGGRESSIVE;
				CLANG_CXX_LANGUAGE_STANDARD = "gnu++14";
				CLANG_CXX_LIBRARY = "libc++";
				CLANG_ENABLE_MODULES = YES;
				CLANG_ENABLE_OBJC_ARC = YES;
				CLANG_ENABLE_OBJC_WEAK = YES;
				CLANG_WARN_BLOCK_CAPTURE_AUTORELEASING = YES;
				CLANG_WARN_BOOL_CONVERSION = YES;
				CLANG_WARN_COMMA = YES;
				CLANG_WARN_CONSTANT_CONVERSION = YES;
				CLANG_WARN_DEPRECATED_OBJC_IMPLEMENTATIONS = YES;
				CLANG_WARN_DIRECT_OBJC_ISA_USAGE = YES_ERROR;
				CLANG_WARN_DOCUMENTATION_COMMENTS = YES;
				CLANG_WARN_EMPTY_BODY = YES;
				CLANG_WARN_ENUM_CONVERSION = YES;
				CLANG_WARN_INFINITE_RECURSION = YES;
				CLANG_WARN_INT_CONVERSION = YES;
				CLANG_WARN_NON_LITERAL_NULL_CONVERSION = YES;
				CLANG_WARN_OBJC_IMPLICIT_RETAIN_SELF = YES;
				CLANG_WARN_OBJC_LITERAL_CONVERSION = YES;
				CLANG_WARN_OBJC_ROOT_CLASS = YES_ERROR;
				CLANG_WARN_RANGE_LOOP_ANALYSIS = YES;
				CLANG_WARN_STRICT_PROTOTYPES = YES;
				CLANG_WARN_SUSPICIOUS_MOVE = YES;
				CLANG_WARN_UNGUARDED_AVAILABILITY = YES_AGGRESSIVE;
				CLANG_WARN_UNREACHABLE_CODE = YES;
				CLANG_WARN__DUPLICATE_METHOD_MATCH = YES;
				CODE_SIGN_IDENTITY = "iPhone Developer";
				COPY_PHASE_STRIP = NO;
				DEBUG_INFORMATION_FORMAT = "dwarf-with-dsym";
				ENABLE_NS_ASSERTIONS = NO;
				ENABLE_STRICT_OBJC_MSGSEND = YES;
				GCC_C_LANGUAGE_STANDARD = gnu11;
				GCC_NO_COMMON_BLOCKS = YES;
				GCC_WARN_64_TO_32_BIT_CONVERSION = YES;
				GCC_WARN_ABOUT_RETURN_TYPE = YES_ERROR;
				GCC_WARN_UNDECLARED_SELECTOR = YES;
				GCC_WARN_UNINITIALIZED_AUTOS = YES_AGGRESSIVE;
				GCC_WARN_UNUSED_FUNCTION = YES;
				GCC_WARN_UNUSED_VARIABLE = YES;
				IPHONEOS_DEPLOYMENT_TARGET = 12.0;
				MTL_ENABLE_DEBUG_INFO = NO;
				MTL_FAST_MATH = YES;
				SDKROOT = iphoneos;
				SWIFT_COMPILATION_MODE = wholemodule;
				SWIFT_OPTIMIZATION_LEVEL = "-O";
				VALIDATE_PRODUCT = YES;
			};
			name = Release;
		};
		AC0C81C42171F787009981D2 /* Debug */ = {
			isa = XCBuildConfiguration;
			buildSettings = {
				ASSETCATALOG_COMPILER_APPICON_NAME = AppIcon;
				CODE_SIGN_STYLE = Automatic;
				INFOPLIST_FILE = "Senfonico Challenge/Supporting Files/Info.plist";
				IPHONEOS_DEPLOYMENT_TARGET = 9.0;
				LD_RUNPATH_SEARCH_PATHS = (
					"$(inherited)",
					"@executable_path/Frameworks",
				);
				PRODUCT_BUNDLE_IDENTIFIER = "com.muratyasar.Senfonico-Challenge";
				PRODUCT_NAME = "$(TARGET_NAME)";
				SWIFT_VERSION = 4.2;
				TARGETED_DEVICE_FAMILY = "1,2";
			};
			name = Debug;
		};
		AC0C81C52171F787009981D2 /* Release */ = {
			isa = XCBuildConfiguration;
			buildSettings = {
				ASSETCATALOG_COMPILER_APPICON_NAME = AppIcon;
				CODE_SIGN_STYLE = Automatic;
				INFOPLIST_FILE = "Senfonico Challenge/Supporting Files/Info.plist";
				IPHONEOS_DEPLOYMENT_TARGET = 9.0;
				LD_RUNPATH_SEARCH_PATHS = (
					"$(inherited)",
					"@executable_path/Frameworks",
				);
				PRODUCT_BUNDLE_IDENTIFIER = "com.muratyasar.Senfonico-Challenge";
				PRODUCT_NAME = "$(TARGET_NAME)";
				SWIFT_VERSION = 4.2;
				TARGETED_DEVICE_FAMILY = "1,2";
			};
			name = Release;
		};
/* End XCBuildConfiguration section */

/* Begin XCConfigurationList section */
		AC0C81AC2171F784009981D2 /* Build configuration list for PBXProject "Senfonico Challenge" */ = {
			isa = XCConfigurationList;
			buildConfigurations = (
				AC0C81C12171F787009981D2 /* Debug */,
				AC0C81C22171F787009981D2 /* Release */,
			);
			defaultConfigurationIsVisible = 0;
			defaultConfigurationName = Release;
		};
		AC0C81C32171F787009981D2 /* Build configuration list for PBXNativeTarget "Senfonico Challenge" */ = {
			isa = XCConfigurationList;
			buildConfigurations = (
				AC0C81C42171F787009981D2 /* Debug */,
				AC0C81C52171F787009981D2 /* Release */,
			);
			defaultConfigurationIsVisible = 0;
			defaultConfigurationName = Release;
		};
/* End XCConfigurationList section */
	};
	rootObject = AC0C81A92171F784009981D2 /* Project object */;
}
